
Microsoft Visual Studio Solution File, Format Version 12.00
# Visual Studio Version 17
VisualStudioVersion = 17.2.32516.85
MinimumVisualStudioVersion = 10.0.40219.1
Project("{9A19103F-16F7-4668-BE54-9A1E7A4F7556}") = "Bike_Selector_Project", "Bike_Selector_Project.csproj", "{B6835CDA-6F99-4E81-B868-9C45E4EBA890}"
EndProject
Global
	GlobalSection(SolutionConfigurationPlatforms) = preSolution
		Debug|Any CPU = Debug|Any CPU
		Release|Any CPU = Release|Any CPU
	EndGlobalSection
	GlobalSection(ProjectConfigurationPlatforms) = postSolution
		{B6835CDA-6F99-4E81-B868-9C45E4EBA890}.Debug|Any CPU.ActiveCfg = Debug|Any CPU
		{B6835CDA-6F99-4E81-B868-9C45E4EBA890}.Debug|Any CPU.Build.0 = Debug|Any CPU
		{B6835CDA-6F99-4E81-B868-9C45E4EBA890}.Release|Any CPU.ActiveCfg = Release|Any CPU
		{B6835CDA-6F99-4E81-B868-9C45E4EBA890}.Release|Any CPU.Build.0 = Release|Any CPU
	EndGlobalSection
	GlobalSection(SolutionProperties) = preSolution
		HideSolutionNode = FALSE
	EndGlobalSection
	GlobalSection(ExtensibilityGlobals) = postSolution
		SolutionGuid = {313CAF63-96FB-4AAB-9B9D-CC28AA4B78F7}
	EndGlobalSection
EndGlobal
